{
  "name": "Pebble-Lunar-Phase",
  "version": "1.0.0",
  "lockfileVersion": 3,
  "requires": true,
  "packages": {
    "": {
      "name": "Pebble-Lunar-Phase",
      "version": "1.0.0",
      "dependencies": {
        "@moddable/pebbleproxy": "file:/home/brooks2564/.pebble-sdk/SDKs/4.9.148/toolchain/moddable/build/devices/pebble/npm/pebbleproxy"
      }
    },
    "node_modules/@moddable/pebbleproxy": {
      "version": "0.1.8",
      "resolved": "file:../.pebble-sdk/SDKs/4.9.148/toolchain/moddable/build/devices/pebble/npm/pebbleproxy",
      "license": "LGPL-3.0-or-later"
    }
  }
}
